{
  "version": 4,
  "terraform_version": "1.7.0",
  "serial": 65,
  "lineage": "30b6f238-857e-6e27-cbe3-82fce75f35e8",
  "outputs": {
    "all_domains": {
      "value": [
        "leetrepeat.com",
        "howoldisbabybrookes.com"
      ],
      "type": [
        "list",
        "string"
      ]
    },
    "current_domain": {
      "value": "leetrepeat.com",
      "type": "string"
    },
    "domains": {
      "value": [
        "leetrepeat.com",
        "howoldisbabybrookes.com"
      ],
      "type": [
        "list",
        "string"
      ]
    },
    "droplet_ip": {
      "value": "134.122.104.0",
      "type": "string"
    },
    "existing_domains": {
      "value": [
        "leetrepeat.com",
        "howoldisbabybrookes.com"
      ],
      "type": [
        "list",
        "string"
      ]
    }
  },
  "resources": [
    {
      "mode": "data",
      "type": "digitalocean_ssh_key",
      "name": "my_ssh_key",
      "provider": "provider[\"registry.terraform.io/digitalocean/digitalocean\"]",
      "instances": [
        {
          "schema_version": 0,
          "attributes": {
            "fingerprint": "98:c5:c2:b1:a3:b9:d6:ea:24:56:2d:1e:59:04:b5:3f",
            "id": 48374430,
            "name": "deployments",
            "public_key": "ssh-rsa AAAAB3NzaC1yc2EAAAADAQABAAABgQC5ilVpsFbL/aq2134osY32BZAVR6yq4iYyi6l44S/SbDEE2MawDpQUSGzu4bz6vNXhrA5OpaPeQtGCN3G+gcZ/9Z6la+rPgx/I9WkzuLzZ6uuPxliHjehFp18/FLsIiVgF9BDyCkecmPYP6HH1tuetIT/8BYv6JzmxjZQ+U+U/NTMb4Qt2oavl7mppDSvugJ4iUQTc0GhM/5HFlh0WRJrXa0OqMhXOJoEd54PKou34BM4EoHpAS+5rqwjRcOaT9AGrgUIv79j6rXnserVXhfQ3xWCbpRCVxTunKJQeJq6NJ8r1rKPZj6mKE95epiUjBzP9aWP4y4L9oROQzeSQEEQix9aHT4AZ2U7ighsLRJ8KE98CD4M9s7GH5yiZL/+nwrNkL537s24j4zbyDvnSTt5rdaYRsY+iRE/jYSheqiHuxJSu1+1wosseNzEcuj9vrCRKopbMO0nUcDYFVGWnSnzUwQs/tTf5ynj/FvbeAfATkeXjlusNJyxbxq1CwusmDV0= mattymaclean@192.168.1.146"
          },
          "sensitive_attributes": [
            [
              {
                "type": "get_attr",
                "value": "name"
              }
            ]
          ]
        }
      ]
    },
    {
      "mode": "data",
      "type": "local_file",
      "name": "domains",
      "provider": "provider[\"registry.terraform.io/hashicorp/local\"]",
      "instances": [
        {
          "index_key": 0,
          "schema_version": 0,
          "attributes": {
            "content": "leetrepeat.com\nhowoldisbabybrookes.com",
            "content_base64": "bGVldHJlcGVhdC5jb20KaG93b2xkaXNiYWJ5YnJvb2tlcy5jb20=",
            "content_base64sha256": "NDtH7wP19Ugk+VDg3/YydDGxxbBmvNyLO6UarQC6wVs=",
            "content_base64sha512": "obSbJRZibGM+45qx1HVLdEu47DCaPEWC/IWjZRVmQGMs6ephg027r8feo9fCzre1jKOXqtljcOX9Y6VhEd1PgQ==",
            "content_md5": "68123a8d45ab1a3ea6b72d13b43ccd60",
            "content_sha1": "4cca70ab03e199bf348e2ded0e90b70e19e284a9",
            "content_sha256": "343b47ef03f5f54824f950e0dff6327431b1c5b066bcdc8b3ba51aad00bac15b",
            "content_sha512": "a1b49b2516626c633ee39ab1d4754b744bb8ec309a3c4582fc85a365156640632ce9ea61834dbbafc7dea3d7c2ceb7b58ca397aad96370e5fd63a56111dd4f81",
            "filename": "./domains.txt",
            "id": "4cca70ab03e199bf348e2ded0e90b70e19e284a9"
          },
          "sensitive_attributes": []
        }
      ]
    },
    {
      "mode": "managed",
      "type": "cloudflare_record",
      "name": "root",
      "provider": "provider[\"registry.terraform.io/cloudflare/cloudflare\"]",
      "instances": [
        {
          "index_key": "howoldisbabybrookes.com",
          "schema_version": 3,
          "attributes": {
            "allow_overwrite": true,
            "comment": "",
            "content": "134.122.104.0",
            "created_on": "2025-06-11T20:09:41.617549Z",
            "data": [],
            "hostname": "howoldisbabybrookes.com",
            "id": "a1bc41a83ba91f2425506f5335a363b3",
            "metadata": {},
            "modified_on": "2025-06-11T20:09:41.617549Z",
            "name": "@",
            "priority": null,
            "proxiable": true,
            "proxied": true,
            "tags": [],
            "timeouts": null,
            "ttl": 1,
            "type": "A",
            "value": null,
            "zone_id": "b65799ce2ee12501ab728769d5c79be7"
          },
          "sensitive_attributes": [],
          "private": "eyJlMmJmYjczMC1lY2FhLTExZTYtOGY4OC0zNDM2M2JjN2M0YzAiOnsiY3JlYXRlIjozMDAwMDAwMDAwMCwidXBkYXRlIjozMDAwMDAwMDAwMH0sInNjaGVtYV92ZXJzaW9uIjoiMyJ9",
          "dependencies": [
            "cloudflare_zone.domains",
            "data.digitalocean_ssh_key.my_ssh_key",
            "data.local_file.domains",
            "digitalocean_droplet.multi-project-server"
          ]
        },
        {
          "index_key": "leetrepeat.com",
          "schema_version": 3,
          "attributes": {
            "allow_overwrite": true,
            "comment": "",
            "content": "134.122.104.0",
            "created_on": "2025-06-11T16:55:38.345697Z",
            "data": [],
            "hostname": "leetrepeat.com",
            "id": "93f0f2c21a06658541e145738ebf6932",
            "metadata": {},
            "modified_on": "2025-06-11T16:55:38.345697Z",
            "name": "@",
            "priority": null,
            "proxiable": true,
            "proxied": true,
            "tags": [],
            "timeouts": null,
            "ttl": 1,
            "type": "A",
            "value": null,
            "zone_id": "ead383fd8e28af7ea64c85f6aad7da07"
          },
          "sensitive_attributes": [],
          "private": "eyJlMmJmYjczMC1lY2FhLTExZTYtOGY4OC0zNDM2M2JjN2M0YzAiOnsiY3JlYXRlIjozMDAwMDAwMDAwMCwidXBkYXRlIjozMDAwMDAwMDAwMH0sInNjaGVtYV92ZXJzaW9uIjoiMyJ9",
          "dependencies": [
            "cloudflare_zone.domains",
            "data.digitalocean_ssh_key.my_ssh_key",
            "data.local_file.domains",
            "digitalocean_droplet.multi-project-server"
          ]
        }
      ]
    },
    {
      "mode": "managed",
      "type": "cloudflare_record",
      "name": "www",
      "provider": "provider[\"registry.terraform.io/cloudflare/cloudflare\"]",
      "instances": [
        {
          "index_key": "howoldisbabybrookes.com",
          "schema_version": 3,
          "attributes": {
            "allow_overwrite": true,
            "comment": "",
            "content": "howoldisbabybrookes.com",
            "created_on": "2025-06-11T20:09:41.363118Z",
            "data": [],
            "hostname": "www.howoldisbabybrookes.com",
            "id": "fcaf64128873bef24944a764325a674f",
            "metadata": {},
            "modified_on": "2025-06-11T20:09:41.363118Z",
            "name": "www",
            "priority": null,
            "proxiable": true,
            "proxied": true,
            "tags": [],
            "timeouts": null,
            "ttl": 1,
            "type": "CNAME",
            "value": null,
            "zone_id": "b65799ce2ee12501ab728769d5c79be7"
          },
          "sensitive_attributes": [],
          "private": "eyJlMmJmYjczMC1lY2FhLTExZTYtOGY4OC0zNDM2M2JjN2M0YzAiOnsiY3JlYXRlIjozMDAwMDAwMDAwMCwidXBkYXRlIjozMDAwMDAwMDAwMH0sInNjaGVtYV92ZXJzaW9uIjoiMyJ9",
          "dependencies": [
            "cloudflare_zone.domains",
            "data.local_file.domains"
          ]
        },
        {
          "index_key": "leetrepeat.com",
          "schema_version": 3,
          "attributes": {
            "allow_overwrite": true,
            "comment": "",
            "content": "leetrepeat.com",
            "created_on": "2025-06-11T16:55:38.107772Z",
            "data": [],
            "hostname": "www.leetrepeat.com",
            "id": "c188cbe62c67571fa6dfa9ac695bfd0d",
            "metadata": {},
            "modified_on": "2025-06-11T16:55:38.107772Z",
            "name": "www",
            "priority": null,
            "proxiable": true,
            "proxied": true,
            "tags": [],
            "timeouts": null,
            "ttl": 1,
            "type": "CNAME",
            "value": null,
            "zone_id": "ead383fd8e28af7ea64c85f6aad7da07"
          },
          "sensitive_attributes": [],
          "private": "eyJlMmJmYjczMC1lY2FhLTExZTYtOGY4OC0zNDM2M2JjN2M0YzAiOnsiY3JlYXRlIjozMDAwMDAwMDAwMCwidXBkYXRlIjozMDAwMDAwMDAwMH0sInNjaGVtYV92ZXJzaW9uIjoiMyJ9",
          "dependencies": [
            "cloudflare_zone.domains",
            "data.local_file.domains"
          ]
        }
      ]
    },
    {
      "mode": "managed",
      "type": "cloudflare_zone",
      "name": "domains",
      "provider": "provider[\"registry.terraform.io/cloudflare/cloudflare\"]",
      "instances": [
        {
          "index_key": "howoldisbabybrookes.com",
          "schema_version": 0,
          "attributes": {
            "account_id": "e4f490ba40af73e87f5b33ea03a8fbb5",
            "id": "b65799ce2ee12501ab728769d5c79be7",
            "jump_start": null,
            "meta": {
              "phishing_detected": false,
              "wildcard_proxiable": false
            },
            "name_servers": [
              "roan.ns.cloudflare.com",
              "sreeni.ns.cloudflare.com"
            ],
            "paused": false,
            "plan": "free",
            "status": "pending",
            "type": "full",
            "vanity_name_servers": [],
            "verification_key": "",
            "zone": "howoldisbabybrookes.com"
          },
          "sensitive_attributes": [],
          "private": "bnVsbA==",
          "dependencies": [
            "data.local_file.domains"
          ]
        },
        {
          "index_key": "leetrepeat.com",
          "schema_version": 0,
          "attributes": {
            "account_id": "e4f490ba40af73e87f5b33ea03a8fbb5",
            "id": "ead383fd8e28af7ea64c85f6aad7da07",
            "jump_start": null,
            "meta": {
              "phishing_detected": false,
              "wildcard_proxiable": false
            },
            "name_servers": [
              "roan.ns.cloudflare.com",
              "sreeni.ns.cloudflare.com"
            ],
            "paused": false,
            "plan": "free",
            "status": "active",
            "type": "full",
            "vanity_name_servers": [],
            "verification_key": "",
            "zone": "leetrepeat.com"
          },
          "sensitive_attributes": [],
          "private": "bnVsbA==",
          "dependencies": [
            "data.local_file.domains"
          ]
        }
      ]
    },
    {
      "mode": "managed",
      "type": "digitalocean_droplet",
      "name": "multi-project-server",
      "provider": "provider[\"registry.terraform.io/digitalocean/digitalocean\"]",
      "instances": [
        {
          "index_key": 0,
          "schema_version": 1,
          "attributes": {
            "backup_policy": [],
            "backups": false,
            "created_at": "2025-06-11T12:18:04Z",
            "disk": 35,
            "droplet_agent": null,
            "graceful_shutdown": false,
            "id": "501636575",
            "image": "ubuntu-24-10-x64",
            "ipv4_address": "134.122.104.0",
            "ipv4_address_private": "10.106.0.3",
            "ipv6": false,
            "ipv6_address": "",
            "locked": false,
            "memory": 1024,
            "monitoring": false,
            "name": "multi-project-server-001",
            "price_hourly": 0.0119,
            "price_monthly": 8,
            "private_networking": true,
            "region": "lon1",
            "resize_disk": true,
            "size": "s-1vcpu-1gb-35gb-intel",
            "ssh_keys": [
              "48374430"
            ],
            "status": "active",
            "tags": [],
            "timeouts": null,
            "urn": "do:droplet:501636575",
            "user_data": null,
            "vcpus": 1,
            "volume_ids": [],
            "vpc_uuid": "6039dc3e-34fe-4397-a2e0-0d7f307266e0"
          },
          "sensitive_attributes": [],
          "private": "eyJlMmJmYjczMC1lY2FhLTExZTYtOGY4OC0zNDM2M2JjN2M0YzAiOnsiY3JlYXRlIjozNjAwMDAwMDAwMDAwLCJkZWxldGUiOjYwMDAwMDAwMDAwLCJ1cGRhdGUiOjM2MDAwMDAwMDAwMDB9LCJzY2hlbWFfdmVyc2lvbiI6IjEifQ==",
          "dependencies": [
            "data.digitalocean_ssh_key.my_ssh_key"
          ]
        }
      ]
    },
    {
      "mode": "managed",
      "type": "digitalocean_project",
      "name": "serverless",
      "provider": "provider[\"registry.terraform.io/digitalocean/digitalocean\"]",
      "instances": [
        {
          "schema_version": 0,
          "attributes": {
            "created_at": "2025-06-11T12:18:04Z",
            "description": "Project for multi-project server",
            "environment": "Production",
            "id": "b43339e1-bed1-470f-90f3-66acb36fdca4",
            "is_default": false,
            "name": "multi-project",
            "owner_id": 14578366,
            "owner_uuid": "921eff1e-f681-4b3f-b023-9bd258deb8ac",
            "purpose": "Web Application",
            "resources": [
              "do:droplet:501636575"
            ],
            "timeouts": null,
            "updated_at": "2025-06-11T12:18:04Z"
          },
          "sensitive_attributes": [],
          "private": "eyJlMmJmYjczMC1lY2FhLTExZTYtOGY4OC0zNDM2M2JjN2M0YzAiOnsiZGVsZXRlIjoxODAwMDAwMDAwMDB9fQ=="
        }
      ]
    },
    {
      "mode": "managed",
      "type": "digitalocean_project_resources",
      "name": "project_resources",
      "provider": "provider[\"registry.terraform.io/digitalocean/digitalocean\"]",
      "instances": [
        {
          "schema_version": 0,
          "attributes": {
            "id": "b43339e1-bed1-470f-90f3-66acb36fdca4",
            "project": "b43339e1-bed1-470f-90f3-66acb36fdca4",
            "resources": [
              "do:droplet:501636575"
            ]
          },
          "sensitive_attributes": [],
          "private": "bnVsbA==",
          "dependencies": [
            "data.digitalocean_ssh_key.my_ssh_key",
            "digitalocean_droplet.multi-project-server",
            "digitalocean_project.serverless"
          ]
        }
      ]
    },
    {
      "mode": "managed",
      "type": "local_file",
      "name": "domains",
      "provider": "provider[\"registry.terraform.io/hashicorp/local\"]",
      "instances": [
        {
          "schema_version": 0,
          "attributes": {
            "content": "leetrepeat.com\nhowoldisbabybrookes.com",
            "content_base64": null,
            "content_base64sha256": "NDtH7wP19Ugk+VDg3/YydDGxxbBmvNyLO6UarQC6wVs=",
            "content_base64sha512": "obSbJRZibGM+45qx1HVLdEu47DCaPEWC/IWjZRVmQGMs6ephg027r8feo9fCzre1jKOXqtljcOX9Y6VhEd1PgQ==",
            "content_md5": "68123a8d45ab1a3ea6b72d13b43ccd60",
            "content_sha1": "4cca70ab03e199bf348e2ded0e90b70e19e284a9",
            "content_sha256": "343b47ef03f5f54824f950e0dff6327431b1c5b066bcdc8b3ba51aad00bac15b",
            "content_sha512": "a1b49b2516626c633ee39ab1d4754b744bb8ec309a3c4582fc85a365156640632ce9ea61834dbbafc7dea3d7c2ceb7b58ca397aad96370e5fd63a56111dd4f81",
            "directory_permission": "0777",
            "file_permission": "0777",
            "filename": "./domains.txt",
            "id": "4cca70ab03e199bf348e2ded0e90b70e19e284a9",
            "sensitive_content": null,
            "source": null
          },
          "sensitive_attributes": [],
          "dependencies": [
            "data.local_file.domains"
          ]
        }
      ]
    }
  ],
  "check_results": null
}
