{
  "version": 4,
  "terraform_version": "1.7.0",
  "serial": 1,
  "lineage": "efa07445-3091-1fef-2d79-11a2ff71cf64",
  "outputs": {
    "parsed_domains": {
      "value": [
        {
          "domain": "leetrepeat.com",
          "frontend_repo": "https://github.com/matty271828/leetrepeat"
        }
      ],
      "type": [
        "tuple",
        [
          [
            "object",
            {
              "domain": "string",
              "frontend_repo": "string"
            }
          ]
        ]
      ]
    }
  },
  "resources": [
    {
      "mode": "managed",
      "type": "cloudflare_pages_project",
      "name": "frontend",
      "provider": "provider[\"registry.terraform.io/cloudflare/cloudflare\"]",
      "instances": [
        {
          "schema_version": 0,
          "attributes": {
            "account_id": "e4f490ba40af73e87f5b33ea03a8fbb5",
            "build_config": [
              {
                "build_caching": false,
                "build_command": "npm run build -- --mode production",
                "destination_dir": "dist",
                "root_dir": "",
                "web_analytics_tag": "",
                "web_analytics_token": ""
              }
            ],
            "created_on": "2025-06-13T18:12:05Z",
            "deployment_configs": [
              {
                "preview": [
                  {
                    "always_use_latest_compatibility_date": false,
                    "compatibility_date": "2025-06-13",
                    "compatibility_flags": [],
                    "d1_databases": {},
                    "durable_object_namespaces": {},
                    "environment_variables": {},
                    "fail_open": false,
                    "kv_namespaces": {},
                    "placement": [],
                    "r2_buckets": {},
                    "secrets": {},
                    "service_binding": [],
                    "usage_model": "standard"
                  }
                ],
                "production": [
                  {
                    "always_use_latest_compatibility_date": false,
                    "compatibility_date": "2025-06-13",
                    "compatibility_flags": [],
                    "d1_databases": {},
                    "durable_object_namespaces": {},
                    "environment_variables": {},
                    "fail_open": false,
                    "kv_namespaces": {},
                    "placement": [],
                    "r2_buckets": {},
                    "secrets": {},
                    "service_binding": [],
                    "usage_model": "standard"
                  }
                ]
              }
            ],
            "domains": [
              "leetrepeat.pages.dev"
            ],
            "id": "leetrepeat",
            "name": "leetrepeat",
            "production_branch": "main",
            "source": [
              {
                "config": [
                  {
                    "deployments_enabled": true,
                    "owner": "matty271828",
                    "pr_comments_enabled": true,
                    "preview_branch_excludes": [],
                    "preview_branch_includes": [
                      "*"
                    ],
                    "preview_deployment_setting": "all",
                    "production_branch": "main",
                    "production_deployment_enabled": true,
                    "repo_name": "leetrepeat"
                  }
                ],
                "type": "github"
              }
            ],
            "subdomain": "leetrepeat.pages.dev"
          },
          "sensitive_attributes": [],
          "private": "bnVsbA=="
        }
      ]
    }
  ],
  "check_results": null
}
