{
  "version": 4,
  "terraform_version": "1.7.0",
  "serial": 9,
  "lineage": "30b6f238-857e-6e27-cbe3-82fce75f35e8",
  "outputs": {
    "domains": {
      "value": [
        "leetrepeat.com"
      ],
      "type": [
        "set",
        "string"
      ]
    },
    "droplet_ip": {
      "value": "134.122.104.0",
      "type": "string"
    }
  },
  "resources": [
    {
      "mode": "data",
      "type": "digitalocean_ssh_key",
      "name": "my_ssh_key",
      "provider": "provider[\"registry.terraform.io/digitalocean/digitalocean\"]",
      "instances": [
        {
          "schema_version": 0,
          "attributes": {
            "fingerprint": "98:c5:c2:b1:a3:b9:d6:ea:24:56:2d:1e:59:04:b5:3f",
            "id": 48374430,
            "name": "deployments",
            "public_key": "ssh-rsa AAAAB3NzaC1yc2EAAAADAQABAAABgQC5ilVpsFbL/aq2134osY32BZAVR6yq4iYyi6l44S/SbDEE2MawDpQUSGzu4bz6vNXhrA5OpaPeQtGCN3G+gcZ/9Z6la+rPgx/I9WkzuLzZ6uuPxliHjehFp18/FLsIiVgF9BDyCkecmPYP6HH1tuetIT/8BYv6JzmxjZQ+U+U/NTMb4Qt2oavl7mppDSvugJ4iUQTc0GhM/5HFlh0WRJrXa0OqMhXOJoEd54PKou34BM4EoHpAS+5rqwjRcOaT9AGrgUIv79j6rXnserVXhfQ3xWCbpRCVxTunKJQeJq6NJ8r1rKPZj6mKE95epiUjBzP9aWP4y4L9oROQzeSQEEQix9aHT4AZ2U7ighsLRJ8KE98CD4M9s7GH5yiZL/+nwrNkL537s24j4zbyDvnSTt5rdaYRsY+iRE/jYSheqiHuxJSu1+1wosseNzEcuj9vrCRKopbMO0nUcDYFVGWnSnzUwQs/tTf5ynj/FvbeAfATkeXjlusNJyxbxq1CwusmDV0= mattymaclean@192.168.1.146"
          },
          "sensitive_attributes": [
            [
              {
                "type": "get_attr",
                "value": "name"
              }
            ]
          ]
        }
      ]
    },
    {
      "mode": "managed",
      "type": "cloudflare_record",
      "name": "root",
      "provider": "provider[\"registry.terraform.io/cloudflare/cloudflare\"]",
      "instances": [
        {
          "index_key": "leetrepeat.com",
          "schema_version": 3,
          "attributes": {
            "allow_overwrite": true,
            "comment": "",
            "content": "134.122.104.0",
            "created_on": "2025-06-11T12:18:35.913467Z",
            "data": [],
            "hostname": "leetrepeat.com",
            "id": "c754ee965214c803c8eb82ed7c3e20f2",
            "metadata": {},
            "modified_on": "2025-06-11T12:18:35.913467Z",
            "name": "@",
            "priority": null,
            "proxiable": true,
            "proxied": true,
            "tags": [],
            "timeouts": null,
            "ttl": 1,
            "type": "A",
            "value": null,
            "zone_id": "ead383fd8e28af7ea64c85f6aad7da07"
          },
          "sensitive_attributes": [],
          "private": "eyJlMmJmYjczMC1lY2FhLTExZTYtOGY4OC0zNDM2M2JjN2M0YzAiOnsiY3JlYXRlIjozMDAwMDAwMDAwMCwidXBkYXRlIjozMDAwMDAwMDAwMH0sInNjaGVtYV92ZXJzaW9uIjoiMyJ9",
          "dependencies": [
            "cloudflare_zone.domains",
            "data.digitalocean_ssh_key.my_ssh_key",
            "digitalocean_droplet.multi-project-server",
            "terraform_data.domains"
          ]
        }
      ]
    },
    {
      "mode": "managed",
      "type": "cloudflare_record",
      "name": "www",
      "provider": "provider[\"registry.terraform.io/cloudflare/cloudflare\"]",
      "instances": [
        {
          "index_key": "leetrepeat.com",
          "schema_version": 3,
          "attributes": {
            "allow_overwrite": true,
            "comment": "",
            "content": "leetrepeat.com",
            "created_on": "2025-06-11T12:18:05.337338Z",
            "data": [],
            "hostname": "www.leetrepeat.com",
            "id": "e3ee2b0934268331e1a79b806f791cf3",
            "metadata": {},
            "modified_on": "2025-06-11T12:18:05.337338Z",
            "name": "www",
            "priority": null,
            "proxiable": true,
            "proxied": true,
            "tags": [],
            "timeouts": null,
            "ttl": 1,
            "type": "CNAME",
            "value": null,
            "zone_id": "ead383fd8e28af7ea64c85f6aad7da07"
          },
          "sensitive_attributes": [],
          "private": "eyJlMmJmYjczMC1lY2FhLTExZTYtOGY4OC0zNDM2M2JjN2M0YzAiOnsiY3JlYXRlIjozMDAwMDAwMDAwMCwidXBkYXRlIjozMDAwMDAwMDAwMH0sInNjaGVtYV92ZXJzaW9uIjoiMyJ9",
          "dependencies": [
            "cloudflare_zone.domains",
            "terraform_data.domains"
          ]
        }
      ]
    },
    {
      "mode": "managed",
      "type": "cloudflare_zone",
      "name": "domains",
      "provider": "provider[\"registry.terraform.io/cloudflare/cloudflare\"]",
      "instances": [
        {
          "index_key": "leetrepeat.com",
          "schema_version": 0,
          "attributes": {
            "account_id": "e4f490ba40af73e87f5b33ea03a8fbb5",
            "id": "ead383fd8e28af7ea64c85f6aad7da07",
            "jump_start": null,
            "meta": {
              "phishing_detected": false,
              "wildcard_proxiable": false
            },
            "name_servers": [
              "roan.ns.cloudflare.com",
              "sreeni.ns.cloudflare.com"
            ],
            "paused": false,
            "plan": "free",
            "status": "active",
            "type": "full",
            "vanity_name_servers": [],
            "verification_key": "",
            "zone": "leetrepeat.com"
          },
          "sensitive_attributes": [],
          "private": "bnVsbA==",
          "dependencies": [
            "terraform_data.domains"
          ]
        }
      ]
    },
    {
      "mode": "managed",
      "type": "digitalocean_droplet",
      "name": "multi-project-server",
      "provider": "provider[\"registry.terraform.io/digitalocean/digitalocean\"]",
      "instances": [
        {
          "index_key": 0,
          "schema_version": 1,
          "attributes": {
            "backup_policy": [],
            "backups": false,
            "created_at": "2025-06-11T12:18:04Z",
            "disk": 35,
            "droplet_agent": null,
            "graceful_shutdown": false,
            "id": "501636575",
            "image": "ubuntu-24-10-x64",
            "ipv4_address": "134.122.104.0",
            "ipv4_address_private": "10.106.0.3",
            "ipv6": false,
            "ipv6_address": "",
            "locked": false,
            "memory": 1024,
            "monitoring": false,
            "name": "multi-project-server-001",
            "price_hourly": 0.0119,
            "price_monthly": 8,
            "private_networking": true,
            "region": "lon1",
            "resize_disk": true,
            "size": "s-1vcpu-1gb-35gb-intel",
            "ssh_keys": [
              "48374430"
            ],
            "status": "active",
            "tags": [],
            "timeouts": null,
            "urn": "do:droplet:501636575",
            "user_data": null,
            "vcpus": 1,
            "volume_ids": [],
            "vpc_uuid": "6039dc3e-34fe-4397-a2e0-0d7f307266e0"
          },
          "sensitive_attributes": [],
          "private": "eyJlMmJmYjczMC1lY2FhLTExZTYtOGY4OC0zNDM2M2JjN2M0YzAiOnsiY3JlYXRlIjozNjAwMDAwMDAwMDAwLCJkZWxldGUiOjYwMDAwMDAwMDAwLCJ1cGRhdGUiOjM2MDAwMDAwMDAwMDB9LCJzY2hlbWFfdmVyc2lvbiI6IjEifQ==",
          "dependencies": [
            "data.digitalocean_ssh_key.my_ssh_key"
          ]
        }
      ]
    },
    {
      "mode": "managed",
      "type": "digitalocean_project",
      "name": "serverless",
      "provider": "provider[\"registry.terraform.io/digitalocean/digitalocean\"]",
      "instances": [
        {
          "schema_version": 0,
          "attributes": {
            "created_at": "2025-06-11T12:18:04Z",
            "description": "Project for multi-project server",
            "environment": "Production",
            "id": "b43339e1-bed1-470f-90f3-66acb36fdca4",
            "is_default": false,
            "name": "multi-project",
            "owner_id": 14578366,
            "owner_uuid": "921eff1e-f681-4b3f-b023-9bd258deb8ac",
            "purpose": "Web Application",
            "resources": [
              "do:droplet:501636575"
            ],
            "timeouts": null,
            "updated_at": "2025-06-11T12:18:04Z"
          },
          "sensitive_attributes": [],
          "private": "eyJlMmJmYjczMC1lY2FhLTExZTYtOGY4OC0zNDM2M2JjN2M0YzAiOnsiZGVsZXRlIjoxODAwMDAwMDAwMDB9fQ=="
        }
      ]
    },
    {
      "mode": "managed",
      "type": "digitalocean_project_resources",
      "name": "project_resources",
      "provider": "provider[\"registry.terraform.io/digitalocean/digitalocean\"]",
      "instances": [
        {
          "schema_version": 0,
          "attributes": {
            "id": "b43339e1-bed1-470f-90f3-66acb36fdca4",
            "project": "b43339e1-bed1-470f-90f3-66acb36fdca4",
            "resources": [
              "do:droplet:501636575"
            ]
          },
          "sensitive_attributes": [],
          "private": "bnVsbA==",
          "dependencies": [
            "data.digitalocean_ssh_key.my_ssh_key",
            "digitalocean_droplet.multi-project-server",
            "digitalocean_project.serverless"
          ]
        }
      ]
    },
    {
      "mode": "managed",
      "type": "terraform_data",
      "name": "domains",
      "provider": "provider[\"terraform.io/builtin/terraform\"]",
      "instances": [
        {
          "schema_version": 0,
          "attributes": {
            "id": "932f7802-33f3-0a9e-b3be-a6dba4fab341",
            "input": {
              "value": "leetrepeat.com",
              "type": "string"
            },
            "output": {
              "value": "leetrepeat.com",
              "type": "string"
            },
            "triggers_replace": null
          },
          "sensitive_attributes": []
        }
      ]
    }
  ],
  "check_results": null
}
