{
  "version": 4,
  "terraform_version": "1.7.0",
  "serial": 119,
  "lineage": "d4b5f1f4-9eff-b49e-8fa7-eb13f3b48542",
  "outputs": {
    "auth_db_id": {
      "value": "f15dbac9-4006-4501-a983-c8611cdde470",
      "type": "string"
    }
  },
  "resources": [
    {
      "mode": "data",
      "type": "external",
      "name": "domain_mappings",
      "provider": "provider[\"registry.terraform.io/hashicorp/external\"]",
      "instances": [
        {
          "schema_version": 0,
          "attributes": {
            "id": "-",
            "program": [
              "bash",
              "-c",
              "response=$(curl -s -X GET \"https://api.cloudflare.com/client/v4/accounts/e4f490ba40af73e87f5b33ea03a8fbb5/r2/buckets/domain-mappings/objects/mappings.json\" \\\n  -H \"Authorization: Bearer SgM1X6woEkcMa_sj7PJE76-L37hAmqUu30u-j5QI\" \\\n  -H \"Content-Type: application/json\")\n    \n# Check if the response is valid JSON\nif ! echo \"$response\" | jq empty 2\u003e/dev/null; then\n  echo \"Error: Invalid JSON response from R2 API\" \u003e\u00262\n  echo \"$response\" \u003e\u00262\n  exit 1\nfi\n\n# Check for errors\nif echo \"$response\" | jq -e '.errors' \u003e /dev/null; then\n  echo \"Error: Failed to get domain mappings\" \u003e\u00262\n  echo \"$response\" | jq -r '.errors[0].message' \u003e\u00262\n  exit 1\nfi\n\n# Return the array as a stringified JSON\necho \"$response\" | jq -r '{result: tostring}'\n"
            ],
            "query": null,
            "result": {
              "result": "[{\"domain\":\"leetrepeat.com\",\"frontend_repo\":\"https://github.com/matty271828/leetrepeat\"}]"
            },
            "working_dir": null
          },
          "sensitive_attributes": [
            [
              {
                "type": "get_attr",
                "value": "program"
              },
              {
                "type": "index",
                "value": {
                  "value": 2,
                  "type": "number"
                }
              }
            ]
          ]
        }
      ]
    },
    {
      "mode": "managed",
      "type": "cloudflare_d1_database",
      "name": "AUTH_DB",
      "provider": "provider[\"registry.terraform.io/cloudflare/cloudflare\"]",
      "instances": [
        {
          "schema_version": 0,
          "attributes": {
            "account_id": "e4f490ba40af73e87f5b33ea03a8fbb5",
            "created_at": "2025-06-15T09:11:57Z",
            "file_size": 12288,
            "id": "f15dbac9-4006-4501-a983-c8611cdde470",
            "name": "AUTH_DB",
            "num_tables": 0,
            "primary_location_hint": null,
            "read_replication": {
              "mode": "disabled"
            },
            "uuid": "f15dbac9-4006-4501-a983-c8611cdde470",
            "version": "production"
          },
          "sensitive_attributes": []
        }
      ]
    },
    {
      "mode": "managed",
      "type": "cloudflare_d1_database",
      "name": "domain_db",
      "provider": "provider[\"registry.terraform.io/cloudflare/cloudflare\"]",
      "instances": [
        {
          "index_key": "leetrepeat.com",
          "schema_version": 0,
          "attributes": {
            "account_id": "e4f490ba40af73e87f5b33ea03a8fbb5",
            "created_at": "2025-06-14T13:02:57Z",
            "file_size": 12288,
            "id": "59882efb-3d07-4675-b771-1948e1a54498",
            "name": "leetrepeat-db",
            "num_tables": 0,
            "primary_location_hint": null,
            "read_replication": {
              "mode": "disabled"
            },
            "uuid": "59882efb-3d07-4675-b771-1948e1a54498",
            "version": "production"
          },
          "sensitive_attributes": [],
          "dependencies": [
            "data.external.domain_mappings"
          ]
        }
      ]
    },
    {
      "mode": "managed",
      "type": "cloudflare_dns_record",
      "name": "pages_cname",
      "provider": "provider[\"registry.terraform.io/cloudflare/cloudflare\"]",
      "instances": [
        {
          "index_key": "leetrepeat.com",
          "schema_version": 0,
          "attributes": {
            "comment": null,
            "comment_modified_on": null,
            "content": "leetrepeat.pages.dev",
            "created_on": "2025-06-14T13:02:56Z",
            "data": null,
            "id": "ee05d13bd90f5ef0db5f1ba1cf1eaa67",
            "meta": "{}",
            "modified_on": "2025-06-16T22:58:20Z",
            "name": "@",
            "priority": null,
            "proxiable": true,
            "proxied": true,
            "settings": {
              "flatten_cname": null,
              "ipv4_only": null,
              "ipv6_only": null
            },
            "tags": [],
            "tags_modified_on": null,
            "ttl": 1,
            "type": "CNAME",
            "zone_id": "ead383fd8e28af7ea64c85f6aad7da07"
          },
          "sensitive_attributes": [],
          "dependencies": [
            "cloudflare_zone.domain",
            "data.external.domain_mappings"
          ]
        }
      ]
    },
    {
      "mode": "managed",
      "type": "cloudflare_pages_project",
      "name": "frontend",
      "provider": "provider[\"registry.terraform.io/cloudflare/cloudflare\"]",
      "instances": [
        {
          "index_key": "leetrepeat.com",
          "schema_version": 0,
          "attributes": {
            "account_id": "e4f490ba40af73e87f5b33ea03a8fbb5",
            "build_config": {
              "build_caching": null,
              "build_command": "npm run build -- --mode production",
              "destination_dir": "dist",
              "root_dir": null,
              "web_analytics_tag": null,
              "web_analytics_token": null
            },
            "canonical_deployment": {
              "aliases": [
                "https://leetrepeat.com"
              ],
              "build_config": {
                "build_caching": null,
                "build_command": "npm run build -- --mode production",
                "destination_dir": "dist",
                "root_dir": null,
                "web_analytics_tag": null,
                "web_analytics_token": null
              },
              "created_on": "2025-06-15T20:55:19Z",
              "deployment_trigger": {
                "metadata": {
                  "branch": "main",
                  "commit_hash": "9a02b2a25d25de0020e6c6a6c1b983a2e0578822",
                  "commit_message": "Change default vite content to custom content"
                },
                "type": "ad_hoc"
              },
              "env_vars": {},
              "environment": "production",
              "id": "5f1841b8-befe-4668-8fba-1ebc011bebb1",
              "is_skipped": false,
              "latest_stage": {
                "ended_on": "2025-06-15T20:55:48Z",
                "name": "deploy",
                "started_on": "2025-06-15T20:55:41Z",
                "status": "success"
              },
              "modified_on": "2025-06-15T20:55:48Z",
              "project_id": "7ca50ff2-18fb-4dab-9a9d-912a1fbc2645",
              "project_name": "leetrepeat",
              "short_id": "5f1841b8",
              "source": {
                "config": {
                  "deployments_enabled": null,
                  "owner": "matty271828",
                  "path_excludes": null,
                  "path_includes": null,
                  "pr_comments_enabled": false,
                  "preview_branch_excludes": null,
                  "preview_branch_includes": null,
                  "preview_deployment_setting": null,
                  "production_branch": "main",
                  "production_deployments_enabled": null,
                  "repo_name": "leetrepeat"
                },
                "type": "github"
              },
              "stages": [
                {
                  "ended_on": "2025-06-15T20:55:19Z",
                  "name": "queued",
                  "started_on": "2025-06-15T20:55:19Z",
                  "status": "success"
                },
                {
                  "ended_on": "2025-06-15T20:55:22Z",
                  "name": "initialize",
                  "started_on": "2025-06-15T20:55:19Z",
                  "status": "success"
                },
                {
                  "ended_on": "2025-06-15T20:55:23Z",
                  "name": "clone_repo",
                  "started_on": "2025-06-15T20:55:22Z",
                  "status": "success"
                },
                {
                  "ended_on": "2025-06-15T20:55:41Z",
                  "name": "build",
                  "started_on": "2025-06-15T20:55:23Z",
                  "status": "success"
                },
                {
                  "ended_on": "2025-06-15T20:55:48Z",
                  "name": "deploy",
                  "started_on": "2025-06-15T20:55:41Z",
                  "status": "success"
                }
              ],
              "url": "https://5f1841b8.leetrepeat.pages.dev"
            },
            "created_on": "2025-06-14T13:02:55Z",
            "deployment_configs": {
              "preview": null,
              "production": {
                "ai_bindings": null,
                "analytics_engine_datasets": null,
                "browsers": null,
                "compatibility_date": null,
                "compatibility_flags": null,
                "d1_databases": {
                  "D1_BINDING": {
                    "id": "59882efb-3d07-4675-b771-1948e1a54498"
                  }
                },
                "durable_object_namespaces": null,
                "env_vars": null,
                "hyperdrive_bindings": null,
                "kv_namespaces": null,
                "mtls_certificates": null,
                "placement": null,
                "queue_producers": null,
                "r2_buckets": null,
                "services": null,
                "vectorize_bindings": null
              }
            },
            "domains": [
              "leetrepeat.pages.dev",
              "leetrepeat.com"
            ],
            "id": "leetrepeat",
            "latest_deployment": {
              "aliases": [
                "https://leetrepeat.com"
              ],
              "build_config": {
                "build_caching": null,
                "build_command": "npm run build -- --mode production",
                "destination_dir": "dist",
                "root_dir": null,
                "web_analytics_tag": null,
                "web_analytics_token": null
              },
              "created_on": "2025-06-15T20:55:19Z",
              "deployment_trigger": {
                "metadata": {
                  "branch": "main",
                  "commit_hash": "9a02b2a25d25de0020e6c6a6c1b983a2e0578822",
                  "commit_message": "Change default vite content to custom content"
                },
                "type": "ad_hoc"
              },
              "env_vars": {},
              "environment": "production",
              "id": "5f1841b8-befe-4668-8fba-1ebc011bebb1",
              "is_skipped": false,
              "latest_stage": {
                "ended_on": "2025-06-15T20:55:48Z",
                "name": "deploy",
                "started_on": "2025-06-15T20:55:41Z",
                "status": "success"
              },
              "modified_on": "2025-06-15T20:55:48Z",
              "project_id": "7ca50ff2-18fb-4dab-9a9d-912a1fbc2645",
              "project_name": "leetrepeat",
              "short_id": "5f1841b8",
              "source": {
                "config": {
                  "deployments_enabled": null,
                  "owner": "matty271828",
                  "path_excludes": null,
                  "path_includes": null,
                  "pr_comments_enabled": false,
                  "preview_branch_excludes": null,
                  "preview_branch_includes": null,
                  "preview_deployment_setting": null,
                  "production_branch": "main",
                  "production_deployments_enabled": null,
                  "repo_name": "leetrepeat"
                },
                "type": "github"
              },
              "stages": [
                {
                  "ended_on": "2025-06-15T20:55:19Z",
                  "name": "queued",
                  "started_on": "2025-06-15T20:55:19Z",
                  "status": "success"
                },
                {
                  "ended_on": "2025-06-15T20:55:22Z",
                  "name": "initialize",
                  "started_on": "2025-06-15T20:55:19Z",
                  "status": "success"
                },
                {
                  "ended_on": "2025-06-15T20:55:23Z",
                  "name": "clone_repo",
                  "started_on": "2025-06-15T20:55:22Z",
                  "status": "success"
                },
                {
                  "ended_on": "2025-06-15T20:55:41Z",
                  "name": "build",
                  "started_on": "2025-06-15T20:55:23Z",
                  "status": "success"
                },
                {
                  "ended_on": "2025-06-15T20:55:48Z",
                  "name": "deploy",
                  "started_on": "2025-06-15T20:55:41Z",
                  "status": "success"
                }
              ],
              "url": "https://5f1841b8.leetrepeat.pages.dev"
            },
            "name": "leetrepeat",
            "production_branch": "main",
            "source": {
              "config": {
                "deployments_enabled": null,
                "owner": "matty271828",
                "path_excludes": null,
                "path_includes": null,
                "pr_comments_enabled": null,
                "preview_branch_excludes": null,
                "preview_branch_includes": null,
                "preview_deployment_setting": null,
                "production_branch": "main",
                "production_deployments_enabled": null,
                "repo_name": "leetrepeat"
              },
              "type": "github"
            },
            "subdomain": "leetrepeat.pages.dev"
          },
          "sensitive_attributes": [],
          "dependencies": [
            "cloudflare_d1_database.domain_db",
            "data.external.domain_mappings"
          ]
        }
      ]
    },
    {
      "mode": "managed",
      "type": "cloudflare_workers_route",
      "name": "auth_route",
      "provider": "provider[\"registry.terraform.io/cloudflare/cloudflare\"]",
      "instances": [
        {
          "index_key": "leetrepeat.com",
          "schema_version": 0,
          "attributes": {
            "id": "2a0ec7f9ed2049d2b0f5f011c628caa1",
            "pattern": "leetrepeat.com/auth/*",
            "script": "auth-service",
            "zone_id": "ead383fd8e28af7ea64c85f6aad7da07"
          },
          "sensitive_attributes": [],
          "dependencies": [
            "cloudflare_workers_script.auth_service",
            "cloudflare_zone.domain",
            "data.external.domain_mappings"
          ]
        }
      ]
    },
    {
      "mode": "managed",
      "type": "cloudflare_workers_script",
      "name": "auth_service",
      "provider": "provider[\"registry.terraform.io/cloudflare/cloudflare\"]",
      "instances": [
        {
          "schema_version": 0,
          "attributes": {
            "account_id": "e4f490ba40af73e87f5b33ea03a8fbb5",
            "assets": null,
            "bindings": [],
            "body_part": null,
            "compatibility_date": "",
            "compatibility_flags": [],
            "content": "addEventListener('fetch', event =\u003e { event.respondWith(new Response('OK')) })",
            "created_on": "2025-06-15T19:07:54Z",
            "etag": "42ec8eaa0c51bc9cd5a2b91933bf389d24e06799e138fc2a0552fd3fe81cd310",
            "has_assets": false,
            "has_modules": false,
            "id": "auth-service",
            "keep_assets": null,
            "keep_bindings": null,
            "logpush": false,
            "main_module": null,
            "migrations": null,
            "modified_on": "2025-06-16T22:58:21Z",
            "observability": null,
            "placement": null,
            "script_name": "auth-service",
            "startup_time_ms": 0,
            "tail_consumers": [],
            "usage_model": "standard"
          },
          "sensitive_attributes": []
        }
      ]
    },
    {
      "mode": "managed",
      "type": "cloudflare_zone",
      "name": "domain",
      "provider": "provider[\"registry.terraform.io/cloudflare/cloudflare\"]",
      "instances": [
        {
          "index_key": "leetrepeat.com",
          "schema_version": 0,
          "attributes": {
            "account": {
              "id": "e4f490ba40af73e87f5b33ea03a8fbb5"
            },
            "activated_on": "2025-06-14T13:03:56Z",
            "cname_suffix": null,
            "created_on": "2025-06-14T13:02:56Z",
            "development_mode": 0,
            "id": "ead383fd8e28af7ea64c85f6aad7da07",
            "meta": {
              "cdn_only": null,
              "custom_certificate_quota": 0,
              "dns_only": null,
              "foundation_dns": null,
              "page_rule_quota": 3,
              "phishing_detected": false,
              "step": 4
            },
            "modified_on": "2025-06-14T13:03:56Z",
            "name": "leetrepeat.com",
            "name_servers": [
              "roan.ns.cloudflare.com",
              "sreeni.ns.cloudflare.com"
            ],
            "original_dnshost": null,
            "original_name_servers": [
              "roan.ns.cloudflare.com",
              "sreeni.ns.cloudflare.com"
            ],
            "original_registrar": "godaddy.com, llc (id: 146)",
            "owner": {
              "id": null,
              "name": null,
              "type": "user"
            },
            "paused": false,
            "permissions": [
              "#zone_settings:read",
              "#dns_records:read",
              "#waf:read",
              "#zone_versioning:read",
              "#zone_settings:edit",
              "#api_gateway:read",
              "#zaraz:read",
              "#zone:read",
              "#web3:read",
              "#healthchecks:read",
              "#waitingroom:read",
              "#access:read",
              "#dns_records:edit",
              "#page_shield:read",
              "#ssl:read",
              "#page_shield:edit",
              "#zone:edit",
              "#worker:edit",
              "#worker:read",
              "#logs:read",
              "#lb:edit",
              "#lb:read",
              "#analytics:read"
            ],
            "plan": {
              "can_subscribe": false,
              "currency": "USD",
              "externally_managed": false,
              "frequency": "",
              "id": "0feeeeeeeeeeeeeeeeeeeeeeeeeeeeee",
              "is_subscribed": false,
              "legacy_discount": false,
              "legacy_id": "free",
              "name": "Free Website",
              "price": 0
            },
            "status": "active",
            "tenant": {
              "id": null,
              "name": null
            },
            "tenant_unit": {
              "id": null
            },
            "type": "full",
            "vanity_name_servers": null,
            "verification_key": null
          },
          "sensitive_attributes": [],
          "dependencies": [
            "data.external.domain_mappings"
          ]
        }
      ]
    }
  ],
  "check_results": null
}
