{
  "version": 4,
  "terraform_version": "1.7.0",
  "serial": 10,
  "lineage": "caa406e3-e23f-bfcb-d8ab-beeb5712ca12",
  "outputs": {
    "droplet_ip": {
      "value": "138.68.152.99",
      "type": "string"
    }
  },
  "resources": [
    {
      "mode": "data",
      "type": "digitalocean_ssh_key",
      "name": "my_ssh_key",
      "provider": "provider[\"registry.terraform.io/digitalocean/digitalocean\"]",
      "instances": [
        {
          "schema_version": 0,
          "attributes": {
            "fingerprint": "98:c5:c2:b1:a3:b9:d6:ea:24:56:2d:1e:59:04:b5:3f",
            "id": 48374430,
            "name": "deployments",
            "public_key": "ssh-rsa AAAAB3NzaC1yc2EAAAADAQABAAABgQC5ilVpsFbL/aq2134osY32BZAVR6yq4iYyi6l44S/SbDEE2MawDpQUSGzu4bz6vNXhrA5OpaPeQtGCN3G+gcZ/9Z6la+rPgx/I9WkzuLzZ6uuPxliHjehFp18/FLsIiVgF9BDyCkecmPYP6HH1tuetIT/8BYv6JzmxjZQ+U+U/NTMb4Qt2oavl7mppDSvugJ4iUQTc0GhM/5HFlh0WRJrXa0OqMhXOJoEd54PKou34BM4EoHpAS+5rqwjRcOaT9AGrgUIv79j6rXnserVXhfQ3xWCbpRCVxTunKJQeJq6NJ8r1rKPZj6mKE95epiUjBzP9aWP4y4L9oROQzeSQEEQix9aHT4AZ2U7ighsLRJ8KE98CD4M9s7GH5yiZL/+nwrNkL537s24j4zbyDvnSTt5rdaYRsY+iRE/jYSheqiHuxJSu1+1wosseNzEcuj9vrCRKopbMO0nUcDYFVGWnSnzUwQs/tTf5ynj/FvbeAfATkeXjlusNJyxbxq1CwusmDV0= mattymaclean@192.168.1.146"
          },
          "sensitive_attributes": [
            [
              {
                "type": "get_attr",
                "value": "name"
              }
            ]
          ]
        }
      ]
    },
    {
      "mode": "managed",
      "type": "cloudflare_zone",
      "name": "domains",
      "provider": "provider[\"registry.terraform.io/cloudflare/cloudflare\"]",
      "instances": [
        {
          "index_key": "leetrepeat.com",
          "schema_version": 0,
          "attributes": {
            "account_id": "e4f490ba40af73e87f5b33ea03a8fbb5",
            "id": "ead383fd8e28af7ea64c85f6aad7da07",
            "jump_start": null,
            "meta": {
              "phishing_detected": false,
              "wildcard_proxiable": false
            },
            "name_servers": [
              "roan.ns.cloudflare.com",
              "sreeni.ns.cloudflare.com"
            ],
            "paused": false,
            "plan": "free",
            "status": "pending",
            "type": "full",
            "vanity_name_servers": [],
            "verification_key": "",
            "zone": "leetrepeat.com"
          },
          "sensitive_attributes": [],
          "private": "bnVsbA=="
        }
      ]
    },
    {
      "mode": "managed",
      "type": "digitalocean_droplet",
      "name": "multi-project-server",
      "provider": "provider[\"registry.terraform.io/digitalocean/digitalocean\"]",
      "instances": [
        {
          "index_key": 0,
          "schema_version": 1,
          "attributes": {
            "backup_policy": [],
            "backups": false,
            "created_at": "2025-06-10T23:00:43Z",
            "disk": 35,
            "droplet_agent": null,
            "graceful_shutdown": false,
            "id": "501525243",
            "image": "ubuntu-24-10-x64",
            "ipv4_address": "138.68.152.99",
            "ipv4_address_private": "10.106.0.3",
            "ipv6": false,
            "ipv6_address": "",
            "locked": false,
            "memory": 1024,
            "monitoring": false,
            "name": "multi-project-server-001",
            "price_hourly": 0.0119,
            "price_monthly": 8,
            "private_networking": true,
            "region": "lon1",
            "resize_disk": true,
            "size": "s-1vcpu-1gb-35gb-intel",
            "ssh_keys": [
              "48374430"
            ],
            "status": "active",
            "tags": null,
            "timeouts": null,
            "urn": "do:droplet:501525243",
            "user_data": null,
            "vcpus": 1,
            "volume_ids": [],
            "vpc_uuid": "6039dc3e-34fe-4397-a2e0-0d7f307266e0"
          },
          "sensitive_attributes": [],
          "private": "eyJlMmJmYjczMC1lY2FhLTExZTYtOGY4OC0zNDM2M2JjN2M0YzAiOnsiY3JlYXRlIjozNjAwMDAwMDAwMDAwLCJkZWxldGUiOjYwMDAwMDAwMDAwLCJ1cGRhdGUiOjM2MDAwMDAwMDAwMDB9LCJzY2hlbWFfdmVyc2lvbiI6IjEifQ==",
          "dependencies": [
            "data.digitalocean_ssh_key.my_ssh_key"
          ]
        }
      ]
    },
    {
      "mode": "managed",
      "type": "digitalocean_project",
      "name": "serverless",
      "provider": "provider[\"registry.terraform.io/digitalocean/digitalocean\"]",
      "instances": [
        {
          "schema_version": 0,
          "attributes": {
            "created_at": "2025-06-10T23:00:42Z",
            "description": "Project for multi-project server",
            "environment": "Production",
            "id": "69996e0f-1e37-4a57-adf9-9faf64ac7a2f",
            "is_default": false,
            "name": "multi-project",
            "owner_id": 14578366,
            "owner_uuid": "921eff1e-f681-4b3f-b023-9bd258deb8ac",
            "purpose": "Web Application",
            "resources": [],
            "timeouts": null,
            "updated_at": "2025-06-10T23:00:42Z"
          },
          "sensitive_attributes": [],
          "private": "eyJlMmJmYjczMC1lY2FhLTExZTYtOGY4OC0zNDM2M2JjN2M0YzAiOnsiZGVsZXRlIjoxODAwMDAwMDAwMDB9fQ=="
        }
      ]
    },
    {
      "mode": "managed",
      "type": "digitalocean_project_resources",
      "name": "project_resources",
      "provider": "provider[\"registry.terraform.io/digitalocean/digitalocean\"]",
      "instances": [
        {
          "schema_version": 0,
          "attributes": {
            "id": "69996e0f-1e37-4a57-adf9-9faf64ac7a2f",
            "project": "69996e0f-1e37-4a57-adf9-9faf64ac7a2f",
            "resources": [
              "do:droplet:501525243"
            ]
          },
          "sensitive_attributes": [],
          "private": "bnVsbA==",
          "dependencies": [
            "data.digitalocean_ssh_key.my_ssh_key",
            "digitalocean_droplet.multi-project-server",
            "digitalocean_project.serverless"
          ]
        }
      ]
    }
  ],
  "check_results": null
}
