{
  "version": 4,
  "terraform_version": "1.7.0",
  "serial": 8,
  "lineage": "39c4c08d-af62-3e0c-635b-55cd114d7873",
  "outputs": {
    "current_domain": {
      "value": "leetrepeat.com",
      "type": "string"
    },
    "domains": {
      "value": [
        "leetrepeat.com",
        "howoldisbabybrookes.com"
      ],
      "type": [
        "tuple",
        [
          "string",
          "string"
        ]
      ]
    },
    "droplet_ip": {
      "value": "46.101.82.148",
      "type": "string"
    }
  },
  "resources": [
    {
      "mode": "data",
      "type": "cloudflare_zone",
      "name": "existing",
      "provider": "provider[\"registry.terraform.io/cloudflare/cloudflare\"]",
      "instances": [
        {
          "index_key": "howoldisbabybrookes.com",
          "schema_version": 0,
          "attributes": {
            "account_id": "e4f490ba40af73e87f5b33ea03a8fbb5",
            "id": "b65799ce2ee12501ab728769d5c79be7",
            "name": "howoldisbabybrookes.com",
            "name_servers": [
              "roan.ns.cloudflare.com",
              "sreeni.ns.cloudflare.com"
            ],
            "paused": false,
            "plan": "Free Website",
            "status": "pending",
            "vanity_name_servers": [],
            "zone_id": "b65799ce2ee12501ab728769d5c79be7"
          },
          "sensitive_attributes": []
        },
        {
          "index_key": "leetrepeat.com",
          "schema_version": 0,
          "attributes": {
            "account_id": "e4f490ba40af73e87f5b33ea03a8fbb5",
            "id": "ead383fd8e28af7ea64c85f6aad7da07",
            "name": "leetrepeat.com",
            "name_servers": [
              "roan.ns.cloudflare.com",
              "sreeni.ns.cloudflare.com"
            ],
            "paused": false,
            "plan": "Free Website",
            "status": "active",
            "vanity_name_servers": [],
            "zone_id": "ead383fd8e28af7ea64c85f6aad7da07"
          },
          "sensitive_attributes": []
        }
      ]
    },
    {
      "mode": "data",
      "type": "digitalocean_project",
      "name": "serverless",
      "provider": "provider[\"registry.terraform.io/digitalocean/digitalocean\"]",
      "instances": [
        {
          "schema_version": 0,
          "attributes": {
            "created_at": "2025-06-12T22:02:18Z",
            "description": "Project for multi-project server",
            "environment": "Production",
            "id": "83c14bd9-a1ae-413c-a016-fee40c5db45e",
            "is_default": false,
            "name": "multi-project",
            "owner_id": 14578366,
            "owner_uuid": "921eff1e-f681-4b3f-b023-9bd258deb8ac",
            "purpose": "Web Application",
            "resources": [
              "do:droplet:501918519",
              "do:droplet:501919293",
              "do:droplet:501919752",
              "do:droplet:501920053",
              "do:droplet:501920478"
            ],
            "updated_at": "2025-06-12T22:02:18Z"
          },
          "sensitive_attributes": []
        }
      ]
    },
    {
      "mode": "data",
      "type": "digitalocean_ssh_key",
      "name": "my_ssh_key",
      "provider": "provider[\"registry.terraform.io/digitalocean/digitalocean\"]",
      "instances": [
        {
          "schema_version": 0,
          "attributes": {
            "fingerprint": "98:c5:c2:b1:a3:b9:d6:ea:24:56:2d:1e:59:04:b5:3f",
            "id": 48374430,
            "name": "deployments",
            "public_key": "ssh-rsa AAAAB3NzaC1yc2EAAAADAQABAAABgQC5ilVpsFbL/aq2134osY32BZAVR6yq4iYyi6l44S/SbDEE2MawDpQUSGzu4bz6vNXhrA5OpaPeQtGCN3G+gcZ/9Z6la+rPgx/I9WkzuLzZ6uuPxliHjehFp18/FLsIiVgF9BDyCkecmPYP6HH1tuetIT/8BYv6JzmxjZQ+U+U/NTMb4Qt2oavl7mppDSvugJ4iUQTc0GhM/5HFlh0WRJrXa0OqMhXOJoEd54PKou34BM4EoHpAS+5rqwjRcOaT9AGrgUIv79j6rXnserVXhfQ3xWCbpRCVxTunKJQeJq6NJ8r1rKPZj6mKE95epiUjBzP9aWP4y4L9oROQzeSQEEQix9aHT4AZ2U7ighsLRJ8KE98CD4M9s7GH5yiZL/+nwrNkL537s24j4zbyDvnSTt5rdaYRsY+iRE/jYSheqiHuxJSu1+1wosseNzEcuj9vrCRKopbMO0nUcDYFVGWnSnzUwQs/tTf5ynj/FvbeAfATkeXjlusNJyxbxq1CwusmDV0= mattymaclean@192.168.1.146"
          },
          "sensitive_attributes": [
            [
              {
                "type": "get_attr",
                "value": "name"
              }
            ]
          ]
        }
      ]
    },
    {
      "mode": "data",
      "type": "local_file",
      "name": "domains",
      "provider": "provider[\"registry.terraform.io/hashicorp/local\"]",
      "instances": [
        {
          "schema_version": 0,
          "attributes": {
            "content": "leetrepeat.com\nhowoldisbabybrookes.com\n",
            "content_base64": "bGVldHJlcGVhdC5jb20KaG93b2xkaXNiYWJ5YnJvb2tlcy5jb20K",
            "content_base64sha256": "IB/hdfWRpt2WtZZ9s0lr/OanXnxNOqS5lBwXCGAXAs0=",
            "content_base64sha512": "Xo5SrR1gUizB3QFjl2dSvc9UxsikJUVlCr5p5NWm9xYk7sO4bTb1ju/QibbSX1S7wzVLqlplRL+KsD0tSYrftg==",
            "content_md5": "646f8d7c9918f04487161644dbeb0357",
            "content_sha1": "e9a8fb7bf647ac01efffd890fe30fabeeb83cf38",
            "content_sha256": "201fe175f591a6dd96b5967db3496bfce6a75e7c4d3aa4b9941c1708601702cd",
            "content_sha512": "5e8e52ad1d60522cc1dd0163976752bdcf54c6c8a42545650abe69e4d5a6f71624eec3b86d36f58eefd089b6d25f54bbc3354baa5a6544bf8ab03d2d498adfb6",
            "filename": "./../domains.txt",
            "id": "e9a8fb7bf647ac01efffd890fe30fabeeb83cf38"
          },
          "sensitive_attributes": []
        }
      ]
    },
    {
      "mode": "managed",
      "type": "cloudflare_record",
      "name": "root",
      "provider": "provider[\"registry.terraform.io/cloudflare/cloudflare\"]",
      "instances": [
        {
          "index_key": "howoldisbabybrookes.com",
          "schema_version": 3,
          "attributes": {
            "allow_overwrite": true,
            "comment": "",
            "content": "46.101.82.148",
            "created_on": "2025-06-12T22:44:18.618124Z",
            "data": [],
            "hostname": "howoldisbabybrookes.com",
            "id": "60795d3fb582112fae66fbd2211591d5",
            "metadata": {},
            "modified_on": "2025-06-12T22:44:18.618124Z",
            "name": "@",
            "priority": null,
            "proxiable": true,
            "proxied": true,
            "tags": [],
            "timeouts": null,
            "ttl": 1,
            "type": "A",
            "value": null,
            "zone_id": "b65799ce2ee12501ab728769d5c79be7"
          },
          "sensitive_attributes": [],
          "private": "eyJlMmJmYjczMC1lY2FhLTExZTYtOGY4OC0zNDM2M2JjN2M0YzAiOnsiY3JlYXRlIjozMDAwMDAwMDAwMCwidXBkYXRlIjozMDAwMDAwMDAwMH0sInNjaGVtYV92ZXJzaW9uIjoiMyJ9",
          "dependencies": [
            "cloudflare_zone.new",
            "data.cloudflare_zone.existing",
            "data.digitalocean_ssh_key.my_ssh_key",
            "data.local_file.domains",
            "digitalocean_droplet.multi-project-server"
          ]
        },
        {
          "index_key": "leetrepeat.com",
          "schema_version": 3,
          "attributes": {
            "allow_overwrite": true,
            "comment": "",
            "content": "46.101.82.148",
            "created_on": "2025-06-12T22:44:18.858792Z",
            "data": [],
            "hostname": "leetrepeat.com",
            "id": "3ae3dc11fc58ae3bd8c63bc78a2a1e22",
            "metadata": {},
            "modified_on": "2025-06-12T22:44:18.858792Z",
            "name": "@",
            "priority": null,
            "proxiable": true,
            "proxied": true,
            "tags": [],
            "timeouts": null,
            "ttl": 1,
            "type": "A",
            "value": null,
            "zone_id": "ead383fd8e28af7ea64c85f6aad7da07"
          },
          "sensitive_attributes": [],
          "private": "eyJlMmJmYjczMC1lY2FhLTExZTYtOGY4OC0zNDM2M2JjN2M0YzAiOnsiY3JlYXRlIjozMDAwMDAwMDAwMCwidXBkYXRlIjozMDAwMDAwMDAwMH0sInNjaGVtYV92ZXJzaW9uIjoiMyJ9",
          "dependencies": [
            "cloudflare_zone.new",
            "data.cloudflare_zone.existing",
            "data.digitalocean_ssh_key.my_ssh_key",
            "data.local_file.domains",
            "digitalocean_droplet.multi-project-server"
          ]
        }
      ]
    },
    {
      "mode": "managed",
      "type": "cloudflare_record",
      "name": "www",
      "provider": "provider[\"registry.terraform.io/cloudflare/cloudflare\"]",
      "instances": [
        {
          "index_key": "howoldisbabybrookes.com",
          "schema_version": 3,
          "attributes": {
            "allow_overwrite": true,
            "comment": "",
            "content": "howoldisbabybrookes.com",
            "created_on": "2025-06-12T22:28:29.316575Z",
            "data": [],
            "hostname": "www.howoldisbabybrookes.com",
            "id": "5fb5fc97810af2abe5a59bbadbde5473",
            "metadata": {},
            "modified_on": "2025-06-12T22:43:46.710173Z",
            "name": "www",
            "priority": null,
            "proxiable": true,
            "proxied": true,
            "tags": [],
            "timeouts": null,
            "ttl": 1,
            "type": "CNAME",
            "value": null,
            "zone_id": "b65799ce2ee12501ab728769d5c79be7"
          },
          "sensitive_attributes": [],
          "private": "eyJlMmJmYjczMC1lY2FhLTExZTYtOGY4OC0zNDM2M2JjN2M0YzAiOnsiY3JlYXRlIjozMDAwMDAwMDAwMCwidXBkYXRlIjozMDAwMDAwMDAwMH0sInNjaGVtYV92ZXJzaW9uIjoiMyJ9",
          "dependencies": [
            "cloudflare_zone.new",
            "data.cloudflare_zone.existing",
            "data.local_file.domains"
          ]
        },
        {
          "index_key": "leetrepeat.com",
          "schema_version": 3,
          "attributes": {
            "allow_overwrite": true,
            "comment": "",
            "content": "leetrepeat.com",
            "created_on": "2025-06-11T16:55:38.107772Z",
            "data": [],
            "hostname": "www.leetrepeat.com",
            "id": "c188cbe62c67571fa6dfa9ac695bfd0d",
            "metadata": {},
            "modified_on": "2025-06-12T22:43:47.044055Z",
            "name": "www",
            "priority": null,
            "proxiable": true,
            "proxied": true,
            "tags": [],
            "timeouts": null,
            "ttl": 1,
            "type": "CNAME",
            "value": null,
            "zone_id": "ead383fd8e28af7ea64c85f6aad7da07"
          },
          "sensitive_attributes": [],
          "private": "eyJlMmJmYjczMC1lY2FhLTExZTYtOGY4OC0zNDM2M2JjN2M0YzAiOnsiY3JlYXRlIjozMDAwMDAwMDAwMCwidXBkYXRlIjozMDAwMDAwMDAwMH0sInNjaGVtYV92ZXJzaW9uIjoiMyJ9",
          "dependencies": [
            "cloudflare_zone.new",
            "data.cloudflare_zone.existing",
            "data.local_file.domains"
          ]
        }
      ]
    },
    {
      "mode": "managed",
      "type": "digitalocean_droplet",
      "name": "multi-project-server",
      "provider": "provider[\"registry.terraform.io/digitalocean/digitalocean\"]",
      "instances": [
        {
          "index_key": 0,
          "schema_version": 1,
          "attributes": {
            "backup_policy": [],
            "backups": false,
            "created_at": "2025-06-12T22:43:46Z",
            "disk": 35,
            "droplet_agent": null,
            "graceful_shutdown": false,
            "id": "501920478",
            "image": "ubuntu-24-10-x64",
            "ipv4_address": "46.101.82.148",
            "ipv4_address_private": "10.106.0.7",
            "ipv6": false,
            "ipv6_address": "",
            "locked": false,
            "memory": 1024,
            "monitoring": false,
            "name": "multi-project-server-001",
            "price_hourly": 0.0119,
            "price_monthly": 8,
            "private_networking": true,
            "region": "lon1",
            "resize_disk": true,
            "size": "s-1vcpu-1gb-35gb-intel",
            "ssh_keys": [
              "48374430"
            ],
            "status": "active",
            "tags": [],
            "timeouts": null,
            "urn": "do:droplet:501920478",
            "user_data": null,
            "vcpus": 1,
            "volume_ids": [],
            "vpc_uuid": "6039dc3e-34fe-4397-a2e0-0d7f307266e0"
          },
          "sensitive_attributes": [],
          "private": "eyJlMmJmYjczMC1lY2FhLTExZTYtOGY4OC0zNDM2M2JjN2M0YzAiOnsiY3JlYXRlIjozNjAwMDAwMDAwMDAwLCJkZWxldGUiOjYwMDAwMDAwMDAwLCJ1cGRhdGUiOjM2MDAwMDAwMDAwMDB9LCJzY2hlbWFfdmVyc2lvbiI6IjEifQ==",
          "dependencies": [
            "data.digitalocean_ssh_key.my_ssh_key"
          ]
        }
      ]
    },
    {
      "mode": "managed",
      "type": "digitalocean_project_resources",
      "name": "project_resources",
      "provider": "provider[\"registry.terraform.io/digitalocean/digitalocean\"]",
      "instances": [
        {
          "schema_version": 0,
          "attributes": {
            "id": "83c14bd9-a1ae-413c-a016-fee40c5db45e",
            "project": "83c14bd9-a1ae-413c-a016-fee40c5db45e",
            "resources": [
              "do:droplet:501920478"
            ]
          },
          "sensitive_attributes": [],
          "private": "bnVsbA==",
          "dependencies": [
            "data.digitalocean_project.serverless",
            "data.digitalocean_ssh_key.my_ssh_key",
            "digitalocean_droplet.multi-project-server",
            "digitalocean_project.serverless"
          ]
        }
      ]
    }
  ],
  "check_results": null
}
